{
	"name": "raffinade",
	"version": "0.0.15",
	"lockfileVersion": 2,
	"requires": true,
	"packages": {
		"": {
			"name": "raffinade",
			"version": "0.0.15",
			"license": "BSD-2-Clause",
			"devDependencies": {
				"coffeescript": ">=2.7.0",
				"flow-bin": "^0.196.0"
			}
		},
		"node_modules/coffeescript": {
			"version": "2.7.0",
			"resolved": "https://registry.npmjs.org/coffeescript/-/coffeescript-2.7.0.tgz",
			"integrity": "sha512-hzWp6TUE2d/jCcN67LrW1eh5b/rSDKQK6oD6VMLlggYVUUFexgTH9z3dNYihzX4RMhze5FTUsUmOXViJKFQR/A==",
			"dev": true,
			"bin": {
				"cake": "bin/cake",
				"coffee": "bin/coffee"
			},
			"engines": {
				"node": ">=6"
			}
		},
		"node_modules/flow-bin": {
			"version": "0.196.0",
			"resolved": "https://registry.npmjs.org/flow-bin/-/flow-bin-0.196.0.tgz",
			"integrity": "sha512-FnLpDvRV8ELcpxSeYBo4SPADUk0OMReX8zV/1dOF63PesO8tHVBJX/CI1JOdx2emzXRs3Lv8/UMz9+x2OpYsSg==",
			"dev": true,
			"bin": {
				"flow": "cli.js"
			},
			"engines": {
				"node": ">=0.10.0"
			}
		}
	},
	"dependencies": {
		"coffeescript": {
			"version": "2.7.0",
			"resolved": "https://registry.npmjs.org/coffeescript/-/coffeescript-2.7.0.tgz",
			"integrity": "sha512-hzWp6TUE2d/jCcN67LrW1eh5b/rSDKQK6oD6VMLlggYVUUFexgTH9z3dNYihzX4RMhze5FTUsUmOXViJKFQR/A==",
			"dev": true
		},
		"flow-bin": {
			"version": "0.196.0",
			"resolved": "https://registry.npmjs.org/flow-bin/-/flow-bin-0.196.0.tgz",
			"integrity": "sha512-FnLpDvRV8ELcpxSeYBo4SPADUk0OMReX8zV/1dOF63PesO8tHVBJX/CI1JOdx2emzXRs3Lv8/UMz9+x2OpYsSg==",
			"dev": true
		}
	}
}
